{
  "version": 4,
  "terraform_version": "1.8.3",
  "serial": 8,
  "lineage": "da2cdadd-9657-4e66-8a4c-2487de9bbb2b",
  "outputs": {
    "external_ip_address_nodes": {
      "value": {
        "node-0": "158.160.111.242",
        "node-1": "158.160.73.73",
        "node-2": "158.160.145.55"
      },
      "type": [
        "object",
        {
          "node-0": "string",
          "node-1": "string",
          "node-2": "string"
        }
      ]
    },
    "internal_ip_address_nodes": {
      "value": {
        "node-0": "10.10.1.5",
        "node-1": "10.10.2.30",
        "node-2": "10.10.4.28"
      },
      "type": [
        "object",
        {
          "node-0": "string",
          "node-1": "string",
          "node-2": "string"
        }
      ]
    }
  },
  "resources": [
    {
      "mode": "managed",
      "type": "yandex_compute_instance",
      "name": "vm",
      "provider": "provider[\"registry.terraform.io/yandex-cloud/yandex\"]",
      "instances": [
        {
          "index_key": 0,
          "schema_version": 1,
          "attributes": {
            "allow_recreate": null,
            "allow_stopping_for_update": true,
            "boot_disk": [
              {
                "auto_delete": true,
                "device_name": "fhmqsgtu1i2h3plqfu8k",
                "disk_id": "fhmqsgtu1i2h3plqfu8k",
                "initialize_params": [
                  {
                    "block_size": 4096,
                    "description": "",
                    "image_id": "fd80qjt4v3h9ukucg1di",
                    "name": "",
                    "size": 20,
                    "snapshot_id": "",
                    "type": "network-hdd"
                  }
                ],
                "mode": "READ_WRITE"
              }
            ],
            "created_at": "2024-06-12T17:08:59Z",
            "description": "",
            "filesystem": [],
            "folder_id": "b1gi8mor51pqsp67s6t9",
            "fqdn": "node-0.ru-central1.internal",
            "gpu_cluster_id": "",
            "hostname": "node-0",
            "id": "fhmq4g7q9stqpv55jftb",
            "labels": {
              "index": "0"
            },
            "local_disk": [],
            "maintenance_grace_period": "",
            "maintenance_policy": null,
            "metadata": {
              "ssh-keys": "ubuntu:ssh-rsa AAAAB3NzaC1yc2EAAAADAQABAAABgQCmdCHVMNMaUlhrJZgwsh115WrO5MaFxQNmaocsaD3Zc8fVx7piLbnawOPAIy6ydlM2ia5ozdAwgVV4Gm16XJnFlewnPRqja6+PTCpGodugaj8NAy8NudOTROYvj1wxo3BmISMsvJW+FSqqyWY+1D70EODa3670VP/Nt+QTQt8+WWbLr5LuUSbzxYlFsas4h+POs4c+AycDbZAb3Wlg8NQ92DjnV4zTUeljUCN9MarhXltKjWvTlDHK7a3lcwVdsLUfSfv36aA5QpQTlovOkDvbEkwYmmumzUck58F1GBk5CNU7q2RjjtPilB51FFY3y9vM8jdk54k857WK6tTLoHRlDEWAt5oXPoOkV7VuPC273gvxmAmT2Mc2dsxU99WgDeggSCC/V4UGoJOTOqxIGAV1TAFYJItdmT9cpsZoJZIRNT9YLTUC6wk4L5u5lLMZ0mHU8slTQUs13mzkEt4cr6GcpkhA2hRLovbHxyOagG3mN7cDdJMVpVHSuEuO0CxDULk= root@baranovsa\n"
            },
            "metadata_options": [
              {
                "aws_v1_http_endpoint": 1,
                "aws_v1_http_token": 2,
                "gce_http_endpoint": 1,
                "gce_http_token": 1
              }
            ],
            "name": "node-0",
            "network_acceleration_type": "standard",
            "network_interface": [
              {
                "dns_record": [],
                "index": 0,
                "ip_address": "10.10.1.5",
                "ipv4": true,
                "ipv6": false,
                "ipv6_address": "",
                "ipv6_dns_record": [],
                "mac_address": "d0:0d:1a:24:0f:a4",
                "nat": true,
                "nat_dns_record": [],
                "nat_ip_address": "158.160.111.242",
                "nat_ip_version": "IPV4",
                "security_group_ids": [],
                "subnet_id": "e9bp94ik7r7qithhojn2"
              }
            ],
            "placement_policy": [
              {
                "host_affinity_rules": [],
                "placement_group_id": "",
                "placement_group_partition": 0
              }
            ],
            "platform_id": "standard-v3",
            "resources": [
              {
                "core_fraction": 100,
                "cores": 2,
                "gpus": 0,
                "memory": 4
              }
            ],
            "scheduling_policy": [
              {
                "preemptible": true
              }
            ],
            "secondary_disk": [],
            "service_account_id": "",
            "status": "running",
            "timeouts": null,
            "zone": "ru-central1-a"
          },
          "sensitive_attributes": [],
          "private": "eyJlMmJmYjczMC1lY2FhLTExZTYtOGY4OC0zNDM2M2JjN2M0YzAiOnsiY3JlYXRlIjozMDAwMDAwMDAwMDAsImRlbGV0ZSI6MzAwMDAwMDAwMDAwLCJ1cGRhdGUiOjMwMDAwMDAwMDAwMH0sInNjaGVtYV92ZXJzaW9uIjoiMSJ9",
          "dependencies": [
            "yandex_vpc_network.subnet-zones",
            "yandex_vpc_subnet.subnet-zones"
          ]
        },
        {
          "index_key": 1,
          "schema_version": 1,
          "attributes": {
            "allow_recreate": null,
            "allow_stopping_for_update": true,
            "boot_disk": [
              {
                "auto_delete": true,
                "device_name": "epdt7fsa6pcsbdc1tsa5",
                "disk_id": "epdt7fsa6pcsbdc1tsa5",
                "initialize_params": [
                  {
                    "block_size": 4096,
                    "description": "",
                    "image_id": "fd80qjt4v3h9ukucg1di",
                    "name": "",
                    "size": 20,
                    "snapshot_id": "",
                    "type": "network-hdd"
                  }
                ],
                "mode": "READ_WRITE"
              }
            ],
            "created_at": "2024-06-12T17:08:59Z",
            "description": "",
            "filesystem": [],
            "folder_id": "b1gi8mor51pqsp67s6t9",
            "fqdn": "node-1.ru-central1.internal",
            "gpu_cluster_id": "",
            "hostname": "node-1",
            "id": "epdqm4dmhs61ifpsgpl8",
            "labels": {
              "index": "1"
            },
            "local_disk": [],
            "maintenance_grace_period": "",
            "maintenance_policy": null,
            "metadata": {
              "ssh-keys": "ubuntu:ssh-rsa AAAAB3NzaC1yc2EAAAADAQABAAABgQCmdCHVMNMaUlhrJZgwsh115WrO5MaFxQNmaocsaD3Zc8fVx7piLbnawOPAIy6ydlM2ia5ozdAwgVV4Gm16XJnFlewnPRqja6+PTCpGodugaj8NAy8NudOTROYvj1wxo3BmISMsvJW+FSqqyWY+1D70EODa3670VP/Nt+QTQt8+WWbLr5LuUSbzxYlFsas4h+POs4c+AycDbZAb3Wlg8NQ92DjnV4zTUeljUCN9MarhXltKjWvTlDHK7a3lcwVdsLUfSfv36aA5QpQTlovOkDvbEkwYmmumzUck58F1GBk5CNU7q2RjjtPilB51FFY3y9vM8jdk54k857WK6tTLoHRlDEWAt5oXPoOkV7VuPC273gvxmAmT2Mc2dsxU99WgDeggSCC/V4UGoJOTOqxIGAV1TAFYJItdmT9cpsZoJZIRNT9YLTUC6wk4L5u5lLMZ0mHU8slTQUs13mzkEt4cr6GcpkhA2hRLovbHxyOagG3mN7cDdJMVpVHSuEuO0CxDULk= root@baranovsa\n"
            },
            "metadata_options": [
              {
                "aws_v1_http_endpoint": 1,
                "aws_v1_http_token": 2,
                "gce_http_endpoint": 1,
                "gce_http_token": 1
              }
            ],
            "name": "node-1",
            "network_acceleration_type": "standard",
            "network_interface": [
              {
                "dns_record": [],
                "index": 0,
                "ip_address": "10.10.2.30",
                "ipv4": true,
                "ipv6": false,
                "ipv6_address": "",
                "ipv6_dns_record": [],
                "mac_address": "d0:0d:1a:b1:1b:68",
                "nat": true,
                "nat_dns_record": [],
                "nat_ip_address": "158.160.73.73",
                "nat_ip_version": "IPV4",
                "security_group_ids": [],
                "subnet_id": "e2lceqqtsp4lnp8u9cf8"
              }
            ],
            "placement_policy": [
              {
                "host_affinity_rules": [],
                "placement_group_id": "",
                "placement_group_partition": 0
              }
            ],
            "platform_id": "standard-v3",
            "resources": [
              {
                "core_fraction": 100,
                "cores": 2,
                "gpus": 0,
                "memory": 4
              }
            ],
            "scheduling_policy": [
              {
                "preemptible": true
              }
            ],
            "secondary_disk": [],
            "service_account_id": "",
            "status": "running",
            "timeouts": null,
            "zone": "ru-central1-b"
          },
          "sensitive_attributes": [],
          "private": "eyJlMmJmYjczMC1lY2FhLTExZTYtOGY4OC0zNDM2M2JjN2M0YzAiOnsiY3JlYXRlIjozMDAwMDAwMDAwMDAsImRlbGV0ZSI6MzAwMDAwMDAwMDAwLCJ1cGRhdGUiOjMwMDAwMDAwMDAwMH0sInNjaGVtYV92ZXJzaW9uIjoiMSJ9",
          "dependencies": [
            "yandex_vpc_network.subnet-zones",
            "yandex_vpc_subnet.subnet-zones"
          ]
        },
        {
          "index_key": 2,
          "schema_version": 1,
          "attributes": {
            "allow_recreate": null,
            "allow_stopping_for_update": true,
            "boot_disk": [
              {
                "auto_delete": true,
                "device_name": "fv4imlbf77oe0evaqbor",
                "disk_id": "fv4imlbf77oe0evaqbor",
                "initialize_params": [
                  {
                    "block_size": 4096,
                    "description": "",
                    "image_id": "fd80qjt4v3h9ukucg1di",
                    "name": "",
                    "size": 20,
                    "snapshot_id": "",
                    "type": "network-hdd"
                  }
                ],
                "mode": "READ_WRITE"
              }
            ],
            "created_at": "2024-06-12T17:08:59Z",
            "description": "",
            "filesystem": [],
            "folder_id": "b1gi8mor51pqsp67s6t9",
            "fqdn": "node-2.ru-central1.internal",
            "gpu_cluster_id": "",
            "hostname": "node-2",
            "id": "fv4ev8ul1q4jnrdb4nf4",
            "labels": {
              "index": "2"
            },
            "local_disk": [],
            "maintenance_grace_period": "",
            "maintenance_policy": null,
            "metadata": {
              "ssh-keys": "ubuntu:ssh-rsa AAAAB3NzaC1yc2EAAAADAQABAAABgQCmdCHVMNMaUlhrJZgwsh115WrO5MaFxQNmaocsaD3Zc8fVx7piLbnawOPAIy6ydlM2ia5ozdAwgVV4Gm16XJnFlewnPRqja6+PTCpGodugaj8NAy8NudOTROYvj1wxo3BmISMsvJW+FSqqyWY+1D70EODa3670VP/Nt+QTQt8+WWbLr5LuUSbzxYlFsas4h+POs4c+AycDbZAb3Wlg8NQ92DjnV4zTUeljUCN9MarhXltKjWvTlDHK7a3lcwVdsLUfSfv36aA5QpQTlovOkDvbEkwYmmumzUck58F1GBk5CNU7q2RjjtPilB51FFY3y9vM8jdk54k857WK6tTLoHRlDEWAt5oXPoOkV7VuPC273gvxmAmT2Mc2dsxU99WgDeggSCC/V4UGoJOTOqxIGAV1TAFYJItdmT9cpsZoJZIRNT9YLTUC6wk4L5u5lLMZ0mHU8slTQUs13mzkEt4cr6GcpkhA2hRLovbHxyOagG3mN7cDdJMVpVHSuEuO0CxDULk= root@baranovsa\n"
            },
            "metadata_options": [
              {
                "aws_v1_http_endpoint": 1,
                "aws_v1_http_token": 2,
                "gce_http_endpoint": 1,
                "gce_http_token": 1
              }
            ],
            "name": "node-2",
            "network_acceleration_type": "standard",
            "network_interface": [
              {
                "dns_record": [],
                "index": 0,
                "ip_address": "10.10.4.28",
                "ipv4": true,
                "ipv6": false,
                "ipv6_address": "",
                "ipv6_dns_record": [],
                "mac_address": "d0:0d:ef:a3:d5:0e",
                "nat": true,
                "nat_dns_record": [],
                "nat_ip_address": "158.160.145.55",
                "nat_ip_version": "IPV4",
                "security_group_ids": [],
                "subnet_id": "fl8jm0lhaecln330bior"
              }
            ],
            "placement_policy": [
              {
                "host_affinity_rules": [],
                "placement_group_id": "",
                "placement_group_partition": 0
              }
            ],
            "platform_id": "standard-v3",
            "resources": [
              {
                "core_fraction": 100,
                "cores": 2,
                "gpus": 0,
                "memory": 4
              }
            ],
            "scheduling_policy": [
              {
                "preemptible": true
              }
            ],
            "secondary_disk": [],
            "service_account_id": "",
            "status": "running",
            "timeouts": null,
            "zone": "ru-central1-d"
          },
          "sensitive_attributes": [],
          "private": "eyJlMmJmYjczMC1lY2FhLTExZTYtOGY4OC0zNDM2M2JjN2M0YzAiOnsiY3JlYXRlIjozMDAwMDAwMDAwMDAsImRlbGV0ZSI6MzAwMDAwMDAwMDAwLCJ1cGRhdGUiOjMwMDAwMDAwMDAwMH0sInNjaGVtYV92ZXJzaW9uIjoiMSJ9",
          "dependencies": [
            "yandex_vpc_network.subnet-zones",
            "yandex_vpc_subnet.subnet-zones"
          ]
        }
      ]
    },
    {
      "mode": "managed",
      "type": "yandex_vpc_network",
      "name": "subnet-zones",
      "provider": "provider[\"registry.terraform.io/yandex-cloud/yandex\"]",
      "instances": [
        {
          "schema_version": 0,
          "attributes": {
            "created_at": "2024-06-12T17:08:55Z",
            "default_security_group_id": "enp525eje7d4m9iv517h",
            "description": "",
            "folder_id": "b1gi8mor51pqsp67s6t9",
            "id": "enpg53nl6v76ltkvkv4m",
            "labels": {},
            "name": "net",
            "subnet_ids": [],
            "timeouts": null
          },
          "sensitive_attributes": [],
          "private": "eyJlMmJmYjczMC1lY2FhLTExZTYtOGY4OC0zNDM2M2JjN2M0YzAiOnsiY3JlYXRlIjo2MDAwMDAwMDAwMCwiZGVsZXRlIjo2MDAwMDAwMDAwMCwidXBkYXRlIjo2MDAwMDAwMDAwMH19"
        }
      ]
    },
    {
      "mode": "managed",
      "type": "yandex_vpc_subnet",
      "name": "subnet-zones",
      "provider": "provider[\"registry.terraform.io/yandex-cloud/yandex\"]",
      "instances": [
        {
          "index_key": 0,
          "schema_version": 0,
          "attributes": {
            "created_at": "2024-06-12T17:08:58Z",
            "description": "",
            "dhcp_options": [],
            "folder_id": "b1gi8mor51pqsp67s6t9",
            "id": "e9bp94ik7r7qithhojn2",
            "labels": {},
            "name": "subnet-ru-central1-a",
            "network_id": "enpg53nl6v76ltkvkv4m",
            "route_table_id": "",
            "timeouts": null,
            "v4_cidr_blocks": [
              "10.10.1.0/24"
            ],
            "v6_cidr_blocks": [],
            "zone": "ru-central1-a"
          },
          "sensitive_attributes": [],
          "private": "eyJlMmJmYjczMC1lY2FhLTExZTYtOGY4OC0zNDM2M2JjN2M0YzAiOnsiY3JlYXRlIjoxODAwMDAwMDAwMDAsImRlbGV0ZSI6MTgwMDAwMDAwMDAwLCJ1cGRhdGUiOjE4MDAwMDAwMDAwMH19",
          "dependencies": [
            "yandex_vpc_network.subnet-zones"
          ]
        },
        {
          "index_key": 1,
          "schema_version": 0,
          "attributes": {
            "created_at": "2024-06-12T17:08:58Z",
            "description": "",
            "dhcp_options": [],
            "folder_id": "b1gi8mor51pqsp67s6t9",
            "id": "e2lceqqtsp4lnp8u9cf8",
            "labels": {},
            "name": "subnet-ru-central1-b",
            "network_id": "enpg53nl6v76ltkvkv4m",
            "route_table_id": "",
            "timeouts": null,
            "v4_cidr_blocks": [
              "10.10.2.0/24"
            ],
            "v6_cidr_blocks": [],
            "zone": "ru-central1-b"
          },
          "sensitive_attributes": [],
          "private": "eyJlMmJmYjczMC1lY2FhLTExZTYtOGY4OC0zNDM2M2JjN2M0YzAiOnsiY3JlYXRlIjoxODAwMDAwMDAwMDAsImRlbGV0ZSI6MTgwMDAwMDAwMDAwLCJ1cGRhdGUiOjE4MDAwMDAwMDAwMH19",
          "dependencies": [
            "yandex_vpc_network.subnet-zones"
          ]
        },
        {
          "index_key": 2,
          "schema_version": 0,
          "attributes": {
            "created_at": "2024-06-12T17:08:58Z",
            "description": "",
            "dhcp_options": [],
            "folder_id": "b1gi8mor51pqsp67s6t9",
            "id": "fl8jm0lhaecln330bior",
            "labels": {},
            "name": "subnet-ru-central1-d",
            "network_id": "enpg53nl6v76ltkvkv4m",
            "route_table_id": "",
            "timeouts": null,
            "v4_cidr_blocks": [
              "10.10.4.0/24"
            ],
            "v6_cidr_blocks": [],
            "zone": "ru-central1-d"
          },
          "sensitive_attributes": [],
          "private": "eyJlMmJmYjczMC1lY2FhLTExZTYtOGY4OC0zNDM2M2JjN2M0YzAiOnsiY3JlYXRlIjoxODAwMDAwMDAwMDAsImRlbGV0ZSI6MTgwMDAwMDAwMDAwLCJ1cGRhdGUiOjE4MDAwMDAwMDAwMH19",
          "dependencies": [
            "yandex_vpc_network.subnet-zones"
          ]
        }
      ]
    }
  ],
  "check_results": null
}
