{
  "version": 4,
  "terraform_version": "1.8.3",
  "serial": 31,
  "lineage": "80332725-a2a9-ffd0-8483-2cc545824a39",
  "outputs": {
    "external_ip_address_nodes": {
      "value": {
        "node-0": "158.160.36.149",
        "node-1": "158.160.93.126",
        "node-2": "158.160.150.160"
      },
      "type": [
        "object",
        {
          "node-0": "string",
          "node-1": "string",
          "node-2": "string"
        }
      ]
    },
    "internal_ip_address_nodes": {
      "value": {
        "node-0": "10.10.1.7",
        "node-1": "10.10.2.21",
        "node-2": "10.10.4.27"
      },
      "type": [
        "object",
        {
          "node-0": "string",
          "node-1": "string",
          "node-2": "string"
        }
      ]
    }
  },
  "resources": [
    {
      "mode": "managed",
      "type": "yandex_compute_instance",
      "name": "vm",
      "provider": "provider[\"registry.terraform.io/yandex-cloud/yandex\"]",
      "instances": [
        {
          "index_key": 0,
          "schema_version": 1,
          "attributes": {
            "allow_recreate": null,
            "allow_stopping_for_update": true,
            "boot_disk": [
              {
                "auto_delete": true,
                "device_name": "fhmed4nv1mal6vp901hc",
                "disk_id": "fhmed4nv1mal6vp901hc",
                "initialize_params": [
                  {
                    "block_size": 4096,
                    "description": "",
                    "image_id": "fd80qjt4v3h9ukucg1di",
                    "name": "",
                    "size": 20,
                    "snapshot_id": "",
                    "type": "network-hdd"
                  }
                ],
                "mode": "READ_WRITE"
              }
            ],
            "created_at": "2024-05-22T03:11:56Z",
            "description": "",
            "filesystem": [],
            "folder_id": "b1gi8mor51pqsp67s6t9",
            "fqdn": "node-0.ru-central1.internal",
            "gpu_cluster_id": "",
            "hostname": "node-0",
            "id": "fhmim1n5bf3ebgujqn7n",
            "labels": {
              "index": "0"
            },
            "local_disk": [],
            "maintenance_grace_period": "",
            "maintenance_policy": null,
            "metadata": {
              "ssh-keys": "ubuntu:ssh-rsa AAAAB3NzaC1yc2EAAAADAQABAAABgQCmdCHVMNMaUlhrJZgwsh115WrO5MaFxQNmaocsaD3Zc8fVx7piLbnawOPAIy6ydlM2ia5ozdAwgVV4Gm16XJnFlewnPRqja6+PTCpGodugaj8NAy8NudOTROYvj1wxo3BmISMsvJW+FSqqyWY+1D70EODa3670VP/Nt+QTQt8+WWbLr5LuUSbzxYlFsas4h+POs4c+AycDbZAb3Wlg8NQ92DjnV4zTUeljUCN9MarhXltKjWvTlDHK7a3lcwVdsLUfSfv36aA5QpQTlovOkDvbEkwYmmumzUck58F1GBk5CNU7q2RjjtPilB51FFY3y9vM8jdk54k857WK6tTLoHRlDEWAt5oXPoOkV7VuPC273gvxmAmT2Mc2dsxU99WgDeggSCC/V4UGoJOTOqxIGAV1TAFYJItdmT9cpsZoJZIRNT9YLTUC6wk4L5u5lLMZ0mHU8slTQUs13mzkEt4cr6GcpkhA2hRLovbHxyOagG3mN7cDdJMVpVHSuEuO0CxDULk= root@baranovsa\n"
            },
            "metadata_options": [
              {
                "aws_v1_http_endpoint": 1,
                "aws_v1_http_token": 2,
                "gce_http_endpoint": 1,
                "gce_http_token": 1
              }
            ],
            "name": "node-0",
            "network_acceleration_type": "standard",
            "network_interface": [
              {
                "dns_record": [],
                "index": 0,
                "ip_address": "10.10.1.7",
                "ipv4": true,
                "ipv6": false,
                "ipv6_address": "",
                "ipv6_dns_record": [],
                "mac_address": "d0:0d:12:b0:6e:55",
                "nat": true,
                "nat_dns_record": [],
                "nat_ip_address": "158.160.36.149",
                "nat_ip_version": "IPV4",
                "security_group_ids": [],
                "subnet_id": "e9b7e1mnmtok7aa083d8"
              }
            ],
            "placement_policy": [
              {
                "host_affinity_rules": [],
                "placement_group_id": "",
                "placement_group_partition": 0
              }
            ],
            "platform_id": "standard-v3",
            "resources": [
              {
                "core_fraction": 100,
                "cores": 2,
                "gpus": 0,
                "memory": 4
              }
            ],
            "scheduling_policy": [
              {
                "preemptible": true
              }
            ],
            "secondary_disk": [],
            "service_account_id": "",
            "status": "running",
            "timeouts": null,
            "zone": "ru-central1-a"
          },
          "sensitive_attributes": [],
          "private": "eyJlMmJmYjczMC1lY2FhLTExZTYtOGY4OC0zNDM2M2JjN2M0YzAiOnsiY3JlYXRlIjozMDAwMDAwMDAwMDAsImRlbGV0ZSI6MzAwMDAwMDAwMDAwLCJ1cGRhdGUiOjMwMDAwMDAwMDAwMH0sInNjaGVtYV92ZXJzaW9uIjoiMSJ9",
          "dependencies": [
            "yandex_vpc_network.subnet-zones",
            "yandex_vpc_subnet.subnet-zones"
          ]
        },
        {
          "index_key": 1,
          "schema_version": 1,
          "attributes": {
            "allow_recreate": null,
            "allow_stopping_for_update": true,
            "boot_disk": [
              {
                "auto_delete": true,
                "device_name": "epdmjelplbd7lf9kn34s",
                "disk_id": "epdmjelplbd7lf9kn34s",
                "initialize_params": [
                  {
                    "block_size": 4096,
                    "description": "",
                    "image_id": "fd80qjt4v3h9ukucg1di",
                    "name": "",
                    "size": 20,
                    "snapshot_id": "",
                    "type": "network-hdd"
                  }
                ],
                "mode": "READ_WRITE"
              }
            ],
            "created_at": "2024-05-22T03:11:56Z",
            "description": "",
            "filesystem": [],
            "folder_id": "b1gi8mor51pqsp67s6t9",
            "fqdn": "node-1.ru-central1.internal",
            "gpu_cluster_id": "",
            "hostname": "node-1",
            "id": "epdu7ad3mo6no55v8gju",
            "labels": {
              "index": "1"
            },
            "local_disk": [],
            "maintenance_grace_period": "",
            "maintenance_policy": null,
            "metadata": {
              "ssh-keys": "ubuntu:ssh-rsa AAAAB3NzaC1yc2EAAAADAQABAAABgQCmdCHVMNMaUlhrJZgwsh115WrO5MaFxQNmaocsaD3Zc8fVx7piLbnawOPAIy6ydlM2ia5ozdAwgVV4Gm16XJnFlewnPRqja6+PTCpGodugaj8NAy8NudOTROYvj1wxo3BmISMsvJW+FSqqyWY+1D70EODa3670VP/Nt+QTQt8+WWbLr5LuUSbzxYlFsas4h+POs4c+AycDbZAb3Wlg8NQ92DjnV4zTUeljUCN9MarhXltKjWvTlDHK7a3lcwVdsLUfSfv36aA5QpQTlovOkDvbEkwYmmumzUck58F1GBk5CNU7q2RjjtPilB51FFY3y9vM8jdk54k857WK6tTLoHRlDEWAt5oXPoOkV7VuPC273gvxmAmT2Mc2dsxU99WgDeggSCC/V4UGoJOTOqxIGAV1TAFYJItdmT9cpsZoJZIRNT9YLTUC6wk4L5u5lLMZ0mHU8slTQUs13mzkEt4cr6GcpkhA2hRLovbHxyOagG3mN7cDdJMVpVHSuEuO0CxDULk= root@baranovsa\n"
            },
            "metadata_options": [
              {
                "aws_v1_http_endpoint": 1,
                "aws_v1_http_token": 2,
                "gce_http_endpoint": 1,
                "gce_http_token": 1
              }
            ],
            "name": "node-1",
            "network_acceleration_type": "standard",
            "network_interface": [
              {
                "dns_record": [],
                "index": 0,
                "ip_address": "10.10.2.21",
                "ipv4": true,
                "ipv6": false,
                "ipv6_address": "",
                "ipv6_dns_record": [],
                "mac_address": "d0:0d:1e:3a:9a:3b",
                "nat": true,
                "nat_dns_record": [],
                "nat_ip_address": "158.160.93.126",
                "nat_ip_version": "IPV4",
                "security_group_ids": [],
                "subnet_id": "e2lstf03samp052vv6ph"
              }
            ],
            "placement_policy": [
              {
                "host_affinity_rules": [],
                "placement_group_id": "",
                "placement_group_partition": 0
              }
            ],
            "platform_id": "standard-v3",
            "resources": [
              {
                "core_fraction": 100,
                "cores": 2,
                "gpus": 0,
                "memory": 4
              }
            ],
            "scheduling_policy": [
              {
                "preemptible": true
              }
            ],
            "secondary_disk": [],
            "service_account_id": "",
            "status": "running",
            "timeouts": null,
            "zone": "ru-central1-b"
          },
          "sensitive_attributes": [],
          "private": "eyJlMmJmYjczMC1lY2FhLTExZTYtOGY4OC0zNDM2M2JjN2M0YzAiOnsiY3JlYXRlIjozMDAwMDAwMDAwMDAsImRlbGV0ZSI6MzAwMDAwMDAwMDAwLCJ1cGRhdGUiOjMwMDAwMDAwMDAwMH0sInNjaGVtYV92ZXJzaW9uIjoiMSJ9",
          "dependencies": [
            "yandex_vpc_network.subnet-zones",
            "yandex_vpc_subnet.subnet-zones"
          ]
        },
        {
          "index_key": 2,
          "schema_version": 1,
          "attributes": {
            "allow_recreate": null,
            "allow_stopping_for_update": true,
            "boot_disk": [
              {
                "auto_delete": true,
                "device_name": "fv49di5edcsv3jkidmav",
                "disk_id": "fv49di5edcsv3jkidmav",
                "initialize_params": [
                  {
                    "block_size": 4096,
                    "description": "",
                    "image_id": "fd80qjt4v3h9ukucg1di",
                    "name": "",
                    "size": 20,
                    "snapshot_id": "",
                    "type": "network-hdd"
                  }
                ],
                "mode": "READ_WRITE"
              }
            ],
            "created_at": "2024-05-22T03:11:56Z",
            "description": "",
            "filesystem": [],
            "folder_id": "b1gi8mor51pqsp67s6t9",
            "fqdn": "node-2.ru-central1.internal",
            "gpu_cluster_id": "",
            "hostname": "node-2",
            "id": "fv4qlek7e4e8mfl9j8aa",
            "labels": {
              "index": "2"
            },
            "local_disk": [],
            "maintenance_grace_period": "",
            "maintenance_policy": null,
            "metadata": {
              "ssh-keys": "ubuntu:ssh-rsa AAAAB3NzaC1yc2EAAAADAQABAAABgQCmdCHVMNMaUlhrJZgwsh115WrO5MaFxQNmaocsaD3Zc8fVx7piLbnawOPAIy6ydlM2ia5ozdAwgVV4Gm16XJnFlewnPRqja6+PTCpGodugaj8NAy8NudOTROYvj1wxo3BmISMsvJW+FSqqyWY+1D70EODa3670VP/Nt+QTQt8+WWbLr5LuUSbzxYlFsas4h+POs4c+AycDbZAb3Wlg8NQ92DjnV4zTUeljUCN9MarhXltKjWvTlDHK7a3lcwVdsLUfSfv36aA5QpQTlovOkDvbEkwYmmumzUck58F1GBk5CNU7q2RjjtPilB51FFY3y9vM8jdk54k857WK6tTLoHRlDEWAt5oXPoOkV7VuPC273gvxmAmT2Mc2dsxU99WgDeggSCC/V4UGoJOTOqxIGAV1TAFYJItdmT9cpsZoJZIRNT9YLTUC6wk4L5u5lLMZ0mHU8slTQUs13mzkEt4cr6GcpkhA2hRLovbHxyOagG3mN7cDdJMVpVHSuEuO0CxDULk= root@baranovsa\n"
            },
            "metadata_options": [
              {
                "aws_v1_http_endpoint": 1,
                "aws_v1_http_token": 2,
                "gce_http_endpoint": 1,
                "gce_http_token": 1
              }
            ],
            "name": "node-2",
            "network_acceleration_type": "standard",
            "network_interface": [
              {
                "dns_record": [],
                "index": 0,
                "ip_address": "10.10.4.27",
                "ipv4": true,
                "ipv6": false,
                "ipv6_address": "",
                "ipv6_dns_record": [],
                "mac_address": "d0:0d:1a:ab:a8:77",
                "nat": true,
                "nat_dns_record": [],
                "nat_ip_address": "158.160.150.160",
                "nat_ip_version": "IPV4",
                "security_group_ids": [],
                "subnet_id": "fl84m0rm7q4dvnucdeme"
              }
            ],
            "placement_policy": [
              {
                "host_affinity_rules": [],
                "placement_group_id": "",
                "placement_group_partition": 0
              }
            ],
            "platform_id": "standard-v3",
            "resources": [
              {
                "core_fraction": 100,
                "cores": 2,
                "gpus": 0,
                "memory": 4
              }
            ],
            "scheduling_policy": [
              {
                "preemptible": true
              }
            ],
            "secondary_disk": [],
            "service_account_id": "",
            "status": "running",
            "timeouts": null,
            "zone": "ru-central1-d"
          },
          "sensitive_attributes": [],
          "private": "eyJlMmJmYjczMC1lY2FhLTExZTYtOGY4OC0zNDM2M2JjN2M0YzAiOnsiY3JlYXRlIjozMDAwMDAwMDAwMDAsImRlbGV0ZSI6MzAwMDAwMDAwMDAwLCJ1cGRhdGUiOjMwMDAwMDAwMDAwMH0sInNjaGVtYV92ZXJzaW9uIjoiMSJ9",
          "dependencies": [
            "yandex_vpc_network.subnet-zones",
            "yandex_vpc_subnet.subnet-zones"
          ]
        }
      ]
    },
    {
      "mode": "managed",
      "type": "yandex_vpc_network",
      "name": "subnet-zones",
      "provider": "provider[\"registry.terraform.io/yandex-cloud/yandex\"]",
      "instances": [
        {
          "schema_version": 0,
          "attributes": {
            "created_at": "2024-05-22T03:11:52Z",
            "default_security_group_id": "enp3jiksapl9u4mr4fed",
            "description": "",
            "folder_id": "b1gi8mor51pqsp67s6t9",
            "id": "enpc3n87mg25k3e36ud2",
            "labels": {},
            "name": "net",
            "subnet_ids": [
              "e2lstf03samp052vv6ph",
              "e9b7e1mnmtok7aa083d8",
              "fl84m0rm7q4dvnucdeme"
            ],
            "timeouts": null
          },
          "sensitive_attributes": [],
          "private": "eyJlMmJmYjczMC1lY2FhLTExZTYtOGY4OC0zNDM2M2JjN2M0YzAiOnsiY3JlYXRlIjo2MDAwMDAwMDAwMCwiZGVsZXRlIjo2MDAwMDAwMDAwMCwidXBkYXRlIjo2MDAwMDAwMDAwMH19"
        }
      ]
    },
    {
      "mode": "managed",
      "type": "yandex_vpc_subnet",
      "name": "subnet-zones",
      "provider": "provider[\"registry.terraform.io/yandex-cloud/yandex\"]",
      "instances": [
        {
          "index_key": 0,
          "schema_version": 0,
          "attributes": {
            "created_at": "2024-05-22T03:11:54Z",
            "description": "",
            "dhcp_options": [],
            "folder_id": "b1gi8mor51pqsp67s6t9",
            "id": "e9b7e1mnmtok7aa083d8",
            "labels": {},
            "name": "subnet-ru-central1-a",
            "network_id": "enpc3n87mg25k3e36ud2",
            "route_table_id": "",
            "timeouts": null,
            "v4_cidr_blocks": [
              "10.10.1.0/24"
            ],
            "v6_cidr_blocks": [],
            "zone": "ru-central1-a"
          },
          "sensitive_attributes": [],
          "private": "eyJlMmJmYjczMC1lY2FhLTExZTYtOGY4OC0zNDM2M2JjN2M0YzAiOnsiY3JlYXRlIjoxODAwMDAwMDAwMDAsImRlbGV0ZSI6MTgwMDAwMDAwMDAwLCJ1cGRhdGUiOjE4MDAwMDAwMDAwMH19",
          "dependencies": [
            "yandex_vpc_network.subnet-zones"
          ]
        },
        {
          "index_key": 1,
          "schema_version": 0,
          "attributes": {
            "created_at": "2024-05-22T03:11:55Z",
            "description": "",
            "dhcp_options": [],
            "folder_id": "b1gi8mor51pqsp67s6t9",
            "id": "e2lstf03samp052vv6ph",
            "labels": {},
            "name": "subnet-ru-central1-b",
            "network_id": "enpc3n87mg25k3e36ud2",
            "route_table_id": "",
            "timeouts": null,
            "v4_cidr_blocks": [
              "10.10.2.0/24"
            ],
            "v6_cidr_blocks": [],
            "zone": "ru-central1-b"
          },
          "sensitive_attributes": [],
          "private": "eyJlMmJmYjczMC1lY2FhLTExZTYtOGY4OC0zNDM2M2JjN2M0YzAiOnsiY3JlYXRlIjoxODAwMDAwMDAwMDAsImRlbGV0ZSI6MTgwMDAwMDAwMDAwLCJ1cGRhdGUiOjE4MDAwMDAwMDAwMH19",
          "dependencies": [
            "yandex_vpc_network.subnet-zones"
          ]
        },
        {
          "index_key": 2,
          "schema_version": 0,
          "attributes": {
            "created_at": "2024-05-22T03:11:53Z",
            "description": "",
            "dhcp_options": [],
            "folder_id": "b1gi8mor51pqsp67s6t9",
            "id": "fl84m0rm7q4dvnucdeme",
            "labels": {},
            "name": "subnet-ru-central1-d",
            "network_id": "enpc3n87mg25k3e36ud2",
            "route_table_id": "",
            "timeouts": null,
            "v4_cidr_blocks": [
              "10.10.4.0/24"
            ],
            "v6_cidr_blocks": [],
            "zone": "ru-central1-d"
          },
          "sensitive_attributes": [],
          "private": "eyJlMmJmYjczMC1lY2FhLTExZTYtOGY4OC0zNDM2M2JjN2M0YzAiOnsiY3JlYXRlIjoxODAwMDAwMDAwMDAsImRlbGV0ZSI6MTgwMDAwMDAwMDAwLCJ1cGRhdGUiOjE4MDAwMDAwMDAwMH19",
          "dependencies": [
            "yandex_vpc_network.subnet-zones"
          ]
        }
      ]
    }
  ],
  "check_results": null
}
